// !$*UTF8*$!
{
	archiveVersion = 1;
	classes = {
	};
	objectVersion = 55;
	objects = {

/* Begin PBXBuildFile section */
		1F191E9213C537D0432E09C3 /* Pods_CreditCardTests.framework in Frameworks */ = {isa = PBXBuildFile; fileRef = F4A1401792B09064BE7F1064 /* Pods_CreditCardTests.framework */; };
		471F6F4329483D5F008E6C6E /* AppDelegate.swift in Sources */ = {isa = PBXBuildFile; fileRef = 471F6F4229483D5F008E6C6E /* AppDelegate.swift */; };
		471F6F4529483D5F008E6C6E /* SceneDelegate.swift in Sources */ = {isa = PBXBuildFile; fileRef = 471F6F4429483D5F008E6C6E /* SceneDelegate.swift */; };
		471F6F4F29483D62008E6C6E /* LaunchScreen.storyboard in Resources */ = {isa = PBXBuildFile; fileRef = 471F6F4D29483D62008E6C6E /* LaunchScreen.storyboard */; };
		471F6F5A29483D63008E6C6E /* CreditCardTests.swift in Sources */ = {isa = PBXBuildFile; fileRef = 471F6F5929483D63008E6C6E /* CreditCardTests.swift */; };
		471F6F6429483D63008E6C6E /* CreditCardUITests.swift in Sources */ = {isa = PBXBuildFile; fileRef = 471F6F6329483D63008E6C6E /* CreditCardUITests.swift */; };
		471F6F6629483D63008E6C6E /* CreditCardUITestsLaunchTests.swift in Sources */ = {isa = PBXBuildFile; fileRef = 471F6F6529483D63008E6C6E /* CreditCardUITestsLaunchTests.swift */; };
		471F6F8C29483F96008E6C6E /* CardList.swift in Sources */ = {isa = PBXBuildFile; fileRef = 471F6F7329483F96008E6C6E /* CardList.swift */; };
		471F6F8D29483F96008E6C6E /* CardListRepositoryImpl.swift in Sources */ = {isa = PBXBuildFile; fileRef = 471F6F7629483F96008E6C6E /* CardListRepositoryImpl.swift */; };
		471F6F8E29483F96008E6C6E /* CardListRepository.swift in Sources */ = {isa = PBXBuildFile; fileRef = 471F6F7729483F96008E6C6E /* CardListRepository.swift */; };
		471F6F8F29483F96008E6C6E /* Constants.swift in Sources */ = {isa = PBXBuildFile; fileRef = 471F6F7929483F96008E6C6E /* Constants.swift */; };
		471F6F9029483F96008E6C6E /* CardListService.swift in Sources */ = {isa = PBXBuildFile; fileRef = 471F6F7B29483F96008E6C6E /* CardListService.swift */; };
		471F6F9129483F96008E6C6E /* CardListServiceImpl.swift in Sources */ = {isa = PBXBuildFile; fileRef = 471F6F7C29483F96008E6C6E /* CardListServiceImpl.swift */; };
		471F6F9229483F96008E6C6E /* CardsList.swift in Sources */ = {isa = PBXBuildFile; fileRef = 471F6F7F29483F96008E6C6E /* CardsList.swift */; };
		471F6F9329483F96008E6C6E /* CardListUseCase.swift in Sources */ = {isa = PBXBuildFile; fileRef = 471F6F8129483F96008E6C6E /* CardListUseCase.swift */; };
		471F6F9429483F96008E6C6E /* CardListUseCaseImpl.swift in Sources */ = {isa = PBXBuildFile; fileRef = 471F6F8229483F96008E6C6E /* CardListUseCaseImpl.swift */; };
		471F6F9529483F96008E6C6E /* CardListViewModel.swift in Sources */ = {isa = PBXBuildFile; fileRef = 471F6F8529483F96008E6C6E /* CardListViewModel.swift */; };
		471F6F9629483F96008E6C6E /* CardListViewModelImpl.swift in Sources */ = {isa = PBXBuildFile; fileRef = 471F6F8629483F96008E6C6E /* CardListViewModelImpl.swift */; };
		471F6F9929483F96008E6C6E /* CardListView.swift in Sources */ = {isa = PBXBuildFile; fileRef = 471F6F8B29483F96008E6C6E /* CardListView.swift */; };
		47227B252949A37000D3C6CE /* Assets.xcassets in Resources */ = {isa = PBXBuildFile; fileRef = 47227B122949A37000D3C6CE /* Assets.xcassets */; };
		47227B272949A37000D3C6CE /* Main.storyboard in Resources */ = {isa = PBXBuildFile; fileRef = 47227B152949A37000D3C6CE /* Main.storyboard */; };
		4769F18F2949A6D20067E469 /* AppContainer.swift in Sources */ = {isa = PBXBuildFile; fileRef = 4769F18E2949A6D20067E469 /* AppContainer.swift */; };
		4770E7642953893C009A2C13 /* LoginRepositoryImplTests.swift in Sources */ = {isa = PBXBuildFile; fileRef = 4770E7632953893C009A2C13 /* LoginRepositoryImplTests.swift */; };
		4770E76629538C19009A2C13 /* LoginUseCaseImplTest.swift in Sources */ = {isa = PBXBuildFile; fileRef = 4770E76529538C19009A2C13 /* LoginUseCaseImplTest.swift */; };
		4770E76C29539295009A2C13 /* URLRequestGeneratorTests.swift in Sources */ = {isa = PBXBuildFile; fileRef = 4770E76829539295009A2C13 /* URLRequestGeneratorTests.swift */; };
		4770E76D29539295009A2C13 /* NetworkManagerTests.swift in Sources */ = {isa = PBXBuildFile; fileRef = 4770E76929539295009A2C13 /* NetworkManagerTests.swift */; };
		4770E76E29539295009A2C13 /* MockURLSession.swift in Sources */ = {isa = PBXBuildFile; fileRef = 4770E76A29539295009A2C13 /* MockURLSession.swift */; };
		4770E76F29539295009A2C13 /* MockURLSessionDataTask.swift in Sources */ = {isa = PBXBuildFile; fileRef = 4770E76B29539295009A2C13 /* MockURLSessionDataTask.swift */; };
		4770E771295393A6009A2C13 /* User.json in Resources */ = {isa = PBXBuildFile; fileRef = 4770E770295393A6009A2C13 /* User.json */; };
		478E20C0299DC47D0036B60B /* Constansts.swift in Sources */ = {isa = PBXBuildFile; fileRef = 478E20BF299DC47D0036B60B /* Constansts.swift */; };
		478E20C2299DC48F0036B60B /* EndPointConstants.swift in Sources */ = {isa = PBXBuildFile; fileRef = 478E20C1299DC48F0036B60B /* EndPointConstants.swift */; };
		478E20D7299E5F9D0036B60B /* CreditCardRouter.swift in Sources */ = {isa = PBXBuildFile; fileRef = 478E20D6299E5F9D0036B60B /* CreditCardRouter.swift */; };
		478E20EE299E5FBF0036B60B /* ILoginRepository.swift in Sources */ = {isa = PBXBuildFile; fileRef = 478E20DA299E5FBF0036B60B /* ILoginRepository.swift */; };
		478E20EF299E5FBF0036B60B /* LoginRepositoryImpl.swift in Sources */ = {isa = PBXBuildFile; fileRef = 478E20DB299E5FBF0036B60B /* LoginRepositoryImpl.swift */; };
		478E20F0299E5FBF0036B60B /* ILoginService.swift in Sources */ = {isa = PBXBuildFile; fileRef = 478E20DD299E5FBF0036B60B /* ILoginService.swift */; };
		478E20F1299E5FBF0036B60B /* LoginServiceImpl.swift in Sources */ = {isa = PBXBuildFile; fileRef = 478E20DE299E5FBF0036B60B /* LoginServiceImpl.swift */; };
		478E20F2299E5FBF0036B60B /* Login.swift in Sources */ = {isa = PBXBuildFile; fileRef = 478E20E1299E5FBF0036B60B /* Login.swift */; };
		478E20F3299E5FBF0036B60B /* ILoginUseCase.swift in Sources */ = {isa = PBXBuildFile; fileRef = 478E20E3299E5FBF0036B60B /* ILoginUseCase.swift */; };
		478E20F4299E5FBF0036B60B /* LoginUseCaseImpl.swift in Sources */ = {isa = PBXBuildFile; fileRef = 478E20E4299E5FBF0036B60B /* LoginUseCaseImpl.swift */; };
		478E20F5299E5FBF0036B60B /* LoginViewModelImpl.swift in Sources */ = {isa = PBXBuildFile; fileRef = 478E20E7299E5FBF0036B60B /* LoginViewModelImpl.swift */; };
		478E20F6299E5FBF0036B60B /* LoginViewModelOutput.swift in Sources */ = {isa = PBXBuildFile; fileRef = 478E20E8299E5FBF0036B60B /* LoginViewModelOutput.swift */; };
		478E20F7299E5FBF0036B60B /* ILoginViewModel.swift in Sources */ = {isa = PBXBuildFile; fileRef = 478E20E9299E5FBF0036B60B /* ILoginViewModel.swift */; };
		478E20F8299E5FBF0036B60B /* LoginView.swift in Sources */ = {isa = PBXBuildFile; fileRef = 478E20EB299E5FBF0036B60B /* LoginView.swift */; };
		478E20F9299E5FBF0036B60B /* LoginViewController.swift in Sources */ = {isa = PBXBuildFile; fileRef = 478E20EC299E5FBF0036B60B /* LoginViewController.swift */; };
		478E20FA299E5FBF0036B60B /* LoginModule.swift in Sources */ = {isa = PBXBuildFile; fileRef = 478E20ED299E5FBF0036B60B /* LoginModule.swift */; };
		47A09205294A0522006AE406 /* LoginViewModelTest.swift in Sources */ = {isa = PBXBuildFile; fileRef = 47A09201294A0522006AE406 /* LoginViewModelTest.swift */; };
		47A0920E294A070D006AE406 /* CardListViewModelImplTests.swift in Sources */ = {isa = PBXBuildFile; fileRef = 47A09209294A070D006AE406 /* CardListViewModelImplTests.swift */; };
		47A0920F294A070D006AE406 /* CardListRepositoryImplTests.swift in Sources */ = {isa = PBXBuildFile; fileRef = 47A0920A294A070D006AE406 /* CardListRepositoryImplTests.swift */; };
		47A09211294A070D006AE406 /* CardListUseCaseImplTests.swift in Sources */ = {isa = PBXBuildFile; fileRef = 47A0920C294A070D006AE406 /* CardListUseCaseImplTests.swift */; };
		47D4D9B729531F0800766155 /* NetworkManager.swift in Sources */ = {isa = PBXBuildFile; fileRef = 47D4D9B329531F0800766155 /* NetworkManager.swift */; };
		47D4D9B829531F0800766155 /* URLRequestGenerator.swift in Sources */ = {isa = PBXBuildFile; fileRef = 47D4D9B429531F0800766155 /* URLRequestGenerator.swift */; };
		47D4D9B929531F0800766155 /* NetworkRequest.swift in Sources */ = {isa = PBXBuildFile; fileRef = 47D4D9B529531F0800766155 /* NetworkRequest.swift */; };
		47D4D9BA29531F0800766155 /* NetworkError.swift in Sources */ = {isa = PBXBuildFile; fileRef = 47D4D9B629531F0800766155 /* NetworkError.swift */; };
		47F1F0A6299CC9A9002998EC /* CardListTest.swift in Sources */ = {isa = PBXBuildFile; fileRef = 47F1F0A5299CC9A9002998EC /* CardListTest.swift */; };
		47F1F0A8299CE014002998EC /* CardServiceTest.swift in Sources */ = {isa = PBXBuildFile; fileRef = 47F1F0A7299CE014002998EC /* CardServiceTest.swift */; };
		47F1F0B1299D073E002998EC /* CardListViewTests.swift in Sources */ = {isa = PBXBuildFile; fileRef = 47F1F0A9299CFD3E002998EC /* CardListViewTests.swift */; };
		47F1F0BB299D08E8002998EC /* ViewInspector in Frameworks */ = {isa = PBXBuildFile; productRef = 47F1F0BA299D08E8002998EC /* ViewInspector */; };
		8831B0471892EC6281238DD5 /* Pods_CreditCard_CreditCardUITests.framework in Frameworks */ = {isa = PBXBuildFile; fileRef = 151B61537574D2847083AC22 /* Pods_CreditCard_CreditCardUITests.framework */; };
		9EE54A70142F74A46F43D0F1 /* Pods_CreditCard.framework in Frameworks */ = {isa = PBXBuildFile; fileRef = BBF475B0AA4C58779F920EF0 /* Pods_CreditCard.framework */; };
/* End PBXBuildFile section */

/* Begin PBXContainerItemProxy section */
		471F6F5629483D63008E6C6E /* PBXContainerItemProxy */ = {
			isa = PBXContainerItemProxy;
			containerPortal = 471F6F3729483D5F008E6C6E /* Project object */;
			proxyType = 1;
			remoteGlobalIDString = 471F6F3E29483D5F008E6C6E;
			remoteInfo = CreditCard;
		};
		471F6F6029483D63008E6C6E /* PBXContainerItemProxy */ = {
			isa = PBXContainerItemProxy;
			containerPortal = 471F6F3729483D5F008E6C6E /* Project object */;
			proxyType = 1;
			remoteGlobalIDString = 471F6F3E29483D5F008E6C6E;
			remoteInfo = CreditCard;
		};
/* End PBXContainerItemProxy section */

/* Begin PBXFileReference section */
		151B61537574D2847083AC22 /* Pods_CreditCard_CreditCardUITests.framework */ = {isa = PBXFileReference; explicitFileType = wrapper.framework; includeInIndex = 0; path = Pods_CreditCard_CreditCardUITests.framework; sourceTree = BUILT_PRODUCTS_DIR; };
		38D6CB76AFB46C2AF93A01A3 /* Pods-CreditCard-CreditCardUITests.debug.xcconfig */ = {isa = PBXFileReference; includeInIndex = 1; lastKnownFileType = text.xcconfig; name = "Pods-CreditCard-CreditCardUITests.debug.xcconfig"; path = "Target Support Files/Pods-CreditCard-CreditCardUITests/Pods-CreditCard-CreditCardUITests.debug.xcconfig"; sourceTree = "<group>"; };
		471F6F3F29483D5F008E6C6E /* CreditCard.app */ = {isa = PBXFileReference; explicitFileType = wrapper.application; includeInIndex = 0; path = CreditCard.app; sourceTree = BUILT_PRODUCTS_DIR; };
		471F6F4229483D5F008E6C6E /* AppDelegate.swift */ = {isa = PBXFileReference; lastKnownFileType = sourcecode.swift; path = AppDelegate.swift; sourceTree = "<group>"; };
		471F6F4429483D5F008E6C6E /* SceneDelegate.swift */ = {isa = PBXFileReference; lastKnownFileType = sourcecode.swift; path = SceneDelegate.swift; sourceTree = "<group>"; };
		471F6F4E29483D62008E6C6E /* Base */ = {isa = PBXFileReference; lastKnownFileType = file.storyboard; name = Base; path = Base.lproj/LaunchScreen.storyboard; sourceTree = "<group>"; };
		471F6F5029483D62008E6C6E /* Info.plist */ = {isa = PBXFileReference; lastKnownFileType = text.plist.xml; path = Info.plist; sourceTree = "<group>"; };
		471F6F5529483D63008E6C6E /* CreditCardTests.xctest */ = {isa = PBXFileReference; explicitFileType = wrapper.cfbundle; includeInIndex = 0; path = CreditCardTests.xctest; sourceTree = BUILT_PRODUCTS_DIR; };
		471F6F5929483D63008E6C6E /* CreditCardTests.swift */ = {isa = PBXFileReference; lastKnownFileType = sourcecode.swift; path = CreditCardTests.swift; sourceTree = "<group>"; };
		471F6F5F29483D63008E6C6E /* CreditCardUITests.xctest */ = {isa = PBXFileReference; explicitFileType = wrapper.cfbundle; includeInIndex = 0; path = CreditCardUITests.xctest; sourceTree = BUILT_PRODUCTS_DIR; };
		471F6F6329483D63008E6C6E /* CreditCardUITests.swift */ = {isa = PBXFileReference; lastKnownFileType = sourcecode.swift; path = CreditCardUITests.swift; sourceTree = "<group>"; };
		471F6F6529483D63008E6C6E /* CreditCardUITestsLaunchTests.swift */ = {isa = PBXFileReference; lastKnownFileType = sourcecode.swift; path = CreditCardUITestsLaunchTests.swift; sourceTree = "<group>"; };
		471F6F7329483F96008E6C6E /* CardList.swift */ = {isa = PBXFileReference; fileEncoding = 4; lastKnownFileType = sourcecode.swift; path = CardList.swift; sourceTree = "<group>"; };
		471F6F7629483F96008E6C6E /* CardListRepositoryImpl.swift */ = {isa = PBXFileReference; fileEncoding = 4; lastKnownFileType = sourcecode.swift; path = CardListRepositoryImpl.swift; sourceTree = "<group>"; };
		471F6F7729483F96008E6C6E /* CardListRepository.swift */ = {isa = PBXFileReference; fileEncoding = 4; lastKnownFileType = sourcecode.swift; path = CardListRepository.swift; sourceTree = "<group>"; };
		471F6F7929483F96008E6C6E /* Constants.swift */ = {isa = PBXFileReference; fileEncoding = 4; lastKnownFileType = sourcecode.swift; path = Constants.swift; sourceTree = "<group>"; };
		471F6F7B29483F96008E6C6E /* CardListService.swift */ = {isa = PBXFileReference; fileEncoding = 4; lastKnownFileType = sourcecode.swift; path = CardListService.swift; sourceTree = "<group>"; };
		471F6F7C29483F96008E6C6E /* CardListServiceImpl.swift */ = {isa = PBXFileReference; fileEncoding = 4; lastKnownFileType = sourcecode.swift; path = CardListServiceImpl.swift; sourceTree = "<group>"; };
		471F6F7F29483F96008E6C6E /* CardsList.swift */ = {isa = PBXFileReference; fileEncoding = 4; lastKnownFileType = sourcecode.swift; path = CardsList.swift; sourceTree = "<group>"; };
		471F6F8129483F96008E6C6E /* CardListUseCase.swift */ = {isa = PBXFileReference; fileEncoding = 4; lastKnownFileType = sourcecode.swift; path = CardListUseCase.swift; sourceTree = "<group>"; };
		471F6F8229483F96008E6C6E /* CardListUseCaseImpl.swift */ = {isa = PBXFileReference; fileEncoding = 4; lastKnownFileType = sourcecode.swift; path = CardListUseCaseImpl.swift; sourceTree = "<group>"; };
		471F6F8529483F96008E6C6E /* CardListViewModel.swift */ = {isa = PBXFileReference; fileEncoding = 4; lastKnownFileType = sourcecode.swift; path = CardListViewModel.swift; sourceTree = "<group>"; };
		471F6F8629483F96008E6C6E /* CardListViewModelImpl.swift */ = {isa = PBXFileReference; fileEncoding = 4; lastKnownFileType = sourcecode.swift; path = CardListViewModelImpl.swift; sourceTree = "<group>"; };
		471F6F8B29483F96008E6C6E /* CardListView.swift */ = {isa = PBXFileReference; fileEncoding = 4; lastKnownFileType = sourcecode.swift; path = CardListView.swift; sourceTree = "<group>"; };
		47227B122949A37000D3C6CE /* Assets.xcassets */ = {isa = PBXFileReference; lastKnownFileType = folder.assetcatalog; path = Assets.xcassets; sourceTree = "<group>"; };
		47227B152949A37000D3C6CE /* Main.storyboard */ = {isa = PBXFileReference; fileEncoding = 4; lastKnownFileType = file.storyboard; path = Main.storyboard; sourceTree = "<group>"; };
		4769F18E2949A6D20067E469 /* AppContainer.swift */ = {isa = PBXFileReference; fileEncoding = 4; lastKnownFileType = sourcecode.swift; path = AppContainer.swift; sourceTree = "<group>"; };
		4770E7632953893C009A2C13 /* LoginRepositoryImplTests.swift */ = {isa = PBXFileReference; lastKnownFileType = sourcecode.swift; path = LoginRepositoryImplTests.swift; sourceTree = "<group>"; };
		4770E76529538C19009A2C13 /* LoginUseCaseImplTest.swift */ = {isa = PBXFileReference; lastKnownFileType = sourcecode.swift; path = LoginUseCaseImplTest.swift; sourceTree = "<group>"; };
		4770E76829539295009A2C13 /* URLRequestGeneratorTests.swift */ = {isa = PBXFileReference; fileEncoding = 4; lastKnownFileType = sourcecode.swift; path = URLRequestGeneratorTests.swift; sourceTree = "<group>"; };
		4770E76929539295009A2C13 /* NetworkManagerTests.swift */ = {isa = PBXFileReference; fileEncoding = 4; lastKnownFileType = sourcecode.swift; path = NetworkManagerTests.swift; sourceTree = "<group>"; };
		4770E76A29539295009A2C13 /* MockURLSession.swift */ = {isa = PBXFileReference; fileEncoding = 4; lastKnownFileType = sourcecode.swift; path = MockURLSession.swift; sourceTree = "<group>"; };
		4770E76B29539295009A2C13 /* MockURLSessionDataTask.swift */ = {isa = PBXFileReference; fileEncoding = 4; lastKnownFileType = sourcecode.swift; path = MockURLSessionDataTask.swift; sourceTree = "<group>"; };
		4770E770295393A6009A2C13 /* User.json */ = {isa = PBXFileReference; fileEncoding = 4; lastKnownFileType = text.json; path = User.json; sourceTree = "<group>"; };
		478E20BF299DC47D0036B60B /* Constansts.swift */ = {isa = PBXFileReference; lastKnownFileType = sourcecode.swift; path = Constansts.swift; sourceTree = "<group>"; };
		478E20C1299DC48F0036B60B /* EndPointConstants.swift */ = {isa = PBXFileReference; lastKnownFileType = sourcecode.swift; path = EndPointConstants.swift; sourceTree = "<group>"; };
		478E20D6299E5F9D0036B60B /* CreditCardRouter.swift */ = {isa = PBXFileReference; fileEncoding = 4; lastKnownFileType = sourcecode.swift; path = CreditCardRouter.swift; sourceTree = "<group>"; };
		478E20DA299E5FBF0036B60B /* ILoginRepository.swift */ = {isa = PBXFileReference; fileEncoding = 4; lastKnownFileType = sourcecode.swift; path = ILoginRepository.swift; sourceTree = "<group>"; };
		478E20DB299E5FBF0036B60B /* LoginRepositoryImpl.swift */ = {isa = PBXFileReference; fileEncoding = 4; lastKnownFileType = sourcecode.swift; path = LoginRepositoryImpl.swift; sourceTree = "<group>"; };
		478E20DD299E5FBF0036B60B /* ILoginService.swift */ = {isa = PBXFileReference; fileEncoding = 4; lastKnownFileType = sourcecode.swift; path = ILoginService.swift; sourceTree = "<group>"; };
		478E20DE299E5FBF0036B60B /* LoginServiceImpl.swift */ = {isa = PBXFileReference; fileEncoding = 4; lastKnownFileType = sourcecode.swift; path = LoginServiceImpl.swift; sourceTree = "<group>"; };
		478E20E1299E5FBF0036B60B /* Login.swift */ = {isa = PBXFileReference; fileEncoding = 4; lastKnownFileType = sourcecode.swift; path = Login.swift; sourceTree = "<group>"; };
		478E20E3299E5FBF0036B60B /* ILoginUseCase.swift */ = {isa = PBXFileReference; fileEncoding = 4; lastKnownFileType = sourcecode.swift; path = ILoginUseCase.swift; sourceTree = "<group>"; };
		478E20E4299E5FBF0036B60B /* LoginUseCaseImpl.swift */ = {isa = PBXFileReference; fileEncoding = 4; lastKnownFileType = sourcecode.swift; path = LoginUseCaseImpl.swift; sourceTree = "<group>"; };
		478E20E7299E5FBF0036B60B /* LoginViewModelImpl.swift */ = {isa = PBXFileReference; fileEncoding = 4; lastKnownFileType = sourcecode.swift; path = LoginViewModelImpl.swift; sourceTree = "<group>"; };
		478E20E8299E5FBF0036B60B /* LoginViewModelOutput.swift */ = {isa = PBXFileReference; fileEncoding = 4; lastKnownFileType = sourcecode.swift; path = LoginViewModelOutput.swift; sourceTree = "<group>"; };
		478E20E9299E5FBF0036B60B /* ILoginViewModel.swift */ = {isa = PBXFileReference; fileEncoding = 4; lastKnownFileType = sourcecode.swift; path = ILoginViewModel.swift; sourceTree = "<group>"; };
		478E20EB299E5FBF0036B60B /* LoginView.swift */ = {isa = PBXFileReference; fileEncoding = 4; lastKnownFileType = sourcecode.swift; path = LoginView.swift; sourceTree = "<group>"; };
		478E20EC299E5FBF0036B60B /* LoginViewController.swift */ = {isa = PBXFileReference; fileEncoding = 4; lastKnownFileType = sourcecode.swift; path = LoginViewController.swift; sourceTree = "<group>"; };
		478E20ED299E5FBF0036B60B /* LoginModule.swift */ = {isa = PBXFileReference; fileEncoding = 4; lastKnownFileType = sourcecode.swift; path = LoginModule.swift; sourceTree = "<group>"; };
		47A09201294A0522006AE406 /* LoginViewModelTest.swift */ = {isa = PBXFileReference; fileEncoding = 4; lastKnownFileType = sourcecode.swift; path = LoginViewModelTest.swift; sourceTree = "<group>"; };
		47A09209294A070D006AE406 /* CardListViewModelImplTests.swift */ = {isa = PBXFileReference; fileEncoding = 4; lastKnownFileType = sourcecode.swift; path = CardListViewModelImplTests.swift; sourceTree = "<group>"; };
		47A0920A294A070D006AE406 /* CardListRepositoryImplTests.swift */ = {isa = PBXFileReference; fileEncoding = 4; lastKnownFileType = sourcecode.swift; path = CardListRepositoryImplTests.swift; sourceTree = "<group>"; };
		47A0920C294A070D006AE406 /* CardListUseCaseImplTests.swift */ = {isa = PBXFileReference; fileEncoding = 4; lastKnownFileType = sourcecode.swift; path = CardListUseCaseImplTests.swift; sourceTree = "<group>"; };
		47D4D9B329531F0800766155 /* NetworkManager.swift */ = {isa = PBXFileReference; fileEncoding = 4; lastKnownFileType = sourcecode.swift; path = NetworkManager.swift; sourceTree = "<group>"; };
		47D4D9B429531F0800766155 /* URLRequestGenerator.swift */ = {isa = PBXFileReference; fileEncoding = 4; lastKnownFileType = sourcecode.swift; path = URLRequestGenerator.swift; sourceTree = "<group>"; };
		47D4D9B529531F0800766155 /* NetworkRequest.swift */ = {isa = PBXFileReference; fileEncoding = 4; lastKnownFileType = sourcecode.swift; path = NetworkRequest.swift; sourceTree = "<group>"; };
		47D4D9B629531F0800766155 /* NetworkError.swift */ = {isa = PBXFileReference; fileEncoding = 4; lastKnownFileType = sourcecode.swift; path = NetworkError.swift; sourceTree = "<group>"; };
		47F1F0A5299CC9A9002998EC /* CardListTest.swift */ = {isa = PBXFileReference; lastKnownFileType = sourcecode.swift; path = CardListTest.swift; sourceTree = "<group>"; };
		47F1F0A7299CE014002998EC /* CardServiceTest.swift */ = {isa = PBXFileReference; lastKnownFileType = sourcecode.swift; path = CardServiceTest.swift; sourceTree = "<group>"; };
		47F1F0A9299CFD3E002998EC /* CardListViewTests.swift */ = {isa = PBXFileReference; lastKnownFileType = sourcecode.swift; path = CardListViewTests.swift; sourceTree = "<group>"; };
		8A78F8026FB8AECEB72A58E6 /* Pods-CreditCardTests.release.xcconfig */ = {isa = PBXFileReference; includeInIndex = 1; lastKnownFileType = text.xcconfig; name = "Pods-CreditCardTests.release.xcconfig"; path = "Target Support Files/Pods-CreditCardTests/Pods-CreditCardTests.release.xcconfig"; sourceTree = "<group>"; };
		96574C64DD80A52CC0ACEE74 /* Pods-CreditCard.release.xcconfig */ = {isa = PBXFileReference; includeInIndex = 1; lastKnownFileType = text.xcconfig; name = "Pods-CreditCard.release.xcconfig"; path = "Target Support Files/Pods-CreditCard/Pods-CreditCard.release.xcconfig"; sourceTree = "<group>"; };
		9843D72A014542ECD9BC86F0 /* Pods-CreditCardTests.debug.xcconfig */ = {isa = PBXFileReference; includeInIndex = 1; lastKnownFileType = text.xcconfig; name = "Pods-CreditCardTests.debug.xcconfig"; path = "Target Support Files/Pods-CreditCardTests/Pods-CreditCardTests.debug.xcconfig"; sourceTree = "<group>"; };
		9C98742F8ECB8FDD26674B78 /* Pods-CreditCard-CreditCardUITests.release.xcconfig */ = {isa = PBXFileReference; includeInIndex = 1; lastKnownFileType = text.xcconfig; name = "Pods-CreditCard-CreditCardUITests.release.xcconfig"; path = "Target Support Files/Pods-CreditCard-CreditCardUITests/Pods-CreditCard-CreditCardUITests.release.xcconfig"; sourceTree = "<group>"; };
		BBF475B0AA4C58779F920EF0 /* Pods_CreditCard.framework */ = {isa = PBXFileReference; explicitFileType = wrapper.framework; includeInIndex = 0; path = Pods_CreditCard.framework; sourceTree = BUILT_PRODUCTS_DIR; };
		E87E26E34DF0B4FD860EEE16 /* Pods-CreditCard.debug.xcconfig */ = {isa = PBXFileReference; includeInIndex = 1; lastKnownFileType = text.xcconfig; name = "Pods-CreditCard.debug.xcconfig"; path = "Target Support Files/Pods-CreditCard/Pods-CreditCard.debug.xcconfig"; sourceTree = "<group>"; };
		F4A1401792B09064BE7F1064 /* Pods_CreditCardTests.framework */ = {isa = PBXFileReference; explicitFileType = wrapper.framework; includeInIndex = 0; path = Pods_CreditCardTests.framework; sourceTree = BUILT_PRODUCTS_DIR; };
/* End PBXFileReference section */

/* Begin PBXFrameworksBuildPhase section */
		471F6F3C29483D5F008E6C6E /* Frameworks */ = {
			isa = PBXFrameworksBuildPhase;
			buildActionMask = 2147483647;
			files = (
				9EE54A70142F74A46F43D0F1 /* Pods_CreditCard.framework in Frameworks */,
			);
			runOnlyForDeploymentPostprocessing = 0;
		};
		471F6F5229483D63008E6C6E /* Frameworks */ = {
			isa = PBXFrameworksBuildPhase;
			buildActionMask = 2147483647;
			files = (
				1F191E9213C537D0432E09C3 /* Pods_CreditCardTests.framework in Frameworks */,
				47F1F0BB299D08E8002998EC /* ViewInspector in Frameworks */,
			);
			runOnlyForDeploymentPostprocessing = 0;
		};
		471F6F5C29483D63008E6C6E /* Frameworks */ = {
			isa = PBXFrameworksBuildPhase;
			buildActionMask = 2147483647;
			files = (
				8831B0471892EC6281238DD5 /* Pods_CreditCard_CreditCardUITests.framework in Frameworks */,
			);
			runOnlyForDeploymentPostprocessing = 0;
		};
/* End PBXFrameworksBuildPhase section */

/* Begin PBXGroup section */
		12732B2B5C9C5CA97636511D /* Pods */ = {
			isa = PBXGroup;
			children = (
				E87E26E34DF0B4FD860EEE16 /* Pods-CreditCard.debug.xcconfig */,
				96574C64DD80A52CC0ACEE74 /* Pods-CreditCard.release.xcconfig */,
				38D6CB76AFB46C2AF93A01A3 /* Pods-CreditCard-CreditCardUITests.debug.xcconfig */,
				9C98742F8ECB8FDD26674B78 /* Pods-CreditCard-CreditCardUITests.release.xcconfig */,
				9843D72A014542ECD9BC86F0 /* Pods-CreditCardTests.debug.xcconfig */,
				8A78F8026FB8AECEB72A58E6 /* Pods-CreditCardTests.release.xcconfig */,
			);
			path = Pods;
			sourceTree = "<group>";
		};
		471F6F3629483D5F008E6C6E = {
			isa = PBXGroup;
			children = (
				471F6F4129483D5F008E6C6E /* CreditCard */,
				471F6F5829483D63008E6C6E /* CreditCardTests */,
				471F6F6229483D63008E6C6E /* CreditCardUITests */,
				471F6F4029483D5F008E6C6E /* Products */,
				12732B2B5C9C5CA97636511D /* Pods */,
				FACFE229A16B23081E418BD5 /* Frameworks */,
			);
			sourceTree = "<group>";
		};
		471F6F4029483D5F008E6C6E /* Products */ = {
			isa = PBXGroup;
			children = (
				471F6F3F29483D5F008E6C6E /* CreditCard.app */,
				471F6F5529483D63008E6C6E /* CreditCardTests.xctest */,
				471F6F5F29483D63008E6C6E /* CreditCardUITests.xctest */,
			);
			name = Products;
			sourceTree = "<group>";
		};
		471F6F4129483D5F008E6C6E /* CreditCard */ = {
			isa = PBXGroup;
			children = (
				471F6F4229483D5F008E6C6E /* AppDelegate.swift */,
				471F6F4429483D5F008E6C6E /* SceneDelegate.swift */,
				4769F18E2949A6D20067E469 /* AppContainer.swift */,
				478E20C4299E5B000036B60B /* Module */,
				47D4D9B229531F0800766155 /* Networking */,
				478E20BE299DC4450036B60B /* Constants */,
				478E20C3299DC64A0036B60B /* Resources */,
				471F6F5029483D62008E6C6E /* Info.plist */,
				47227B152949A37000D3C6CE /* Main.storyboard */,
			);
			path = CreditCard;
			sourceTree = "<group>";
		};
		471F6F5829483D63008E6C6E /* CreditCardTests */ = {
			isa = PBXGroup;
			children = (
				4770E76729539295009A2C13 /* Networking */,
				47A09208294A070D006AE406 /* ListModule */,
				47A09200294A0522006AE406 /* UserModule */,
				471F6F5929483D63008E6C6E /* CreditCardTests.swift */,
			);
			path = CreditCardTests;
			sourceTree = "<group>";
		};
		471F6F6229483D63008E6C6E /* CreditCardUITests */ = {
			isa = PBXGroup;
			children = (
				471F6F6329483D63008E6C6E /* CreditCardUITests.swift */,
				471F6F6529483D63008E6C6E /* CreditCardUITestsLaunchTests.swift */,
			);
			path = CreditCardUITests;
			sourceTree = "<group>";
		};
		471F6F7229483F96008E6C6E /* CardListModule */ = {
			isa = PBXGroup;
			children = (
				471F6F7329483F96008E6C6E /* CardList.swift */,
				471F6F7429483F96008E6C6E /* Data */,
				471F6F7D29483F96008E6C6E /* Domain */,
				471F6F8329483F96008E6C6E /* Presentation */,
			);
			path = CardListModule;
			sourceTree = "<group>";
		};
		471F6F7429483F96008E6C6E /* Data */ = {
			isa = PBXGroup;
			children = (
				471F6F7529483F96008E6C6E /* Repository */,
				471F6F7829483F96008E6C6E /* Constants */,
				471F6F7A29483F96008E6C6E /* Services */,
				471F6F8429483F96008E6C6E /* ViewModel */,
			);
			path = Data;
			sourceTree = "<group>";
		};
		471F6F7529483F96008E6C6E /* Repository */ = {
			isa = PBXGroup;
			children = (
				471F6F7629483F96008E6C6E /* CardListRepositoryImpl.swift */,
				471F6F7729483F96008E6C6E /* CardListRepository.swift */,
			);
			path = Repository;
			sourceTree = "<group>";
		};
		471F6F7829483F96008E6C6E /* Constants */ = {
			isa = PBXGroup;
			children = (
				471F6F7929483F96008E6C6E /* Constants.swift */,
			);
			path = Constants;
			sourceTree = "<group>";
		};
		471F6F7A29483F96008E6C6E /* Services */ = {
			isa = PBXGroup;
			children = (
				471F6F7C29483F96008E6C6E /* CardListServiceImpl.swift */,
				471F6F7B29483F96008E6C6E /* CardListService.swift */,
			);
			path = Services;
			sourceTree = "<group>";
		};
		471F6F7D29483F96008E6C6E /* Domain */ = {
			isa = PBXGroup;
			children = (
				471F6F7E29483F96008E6C6E /* Enitities */,
				471F6F8029483F96008E6C6E /* UseCase */,
			);
			path = Domain;
			sourceTree = "<group>";
		};
		471F6F7E29483F96008E6C6E /* Enitities */ = {
			isa = PBXGroup;
			children = (
				471F6F7F29483F96008E6C6E /* CardsList.swift */,
			);
			path = Enitities;
			sourceTree = "<group>";
		};
		471F6F8029483F96008E6C6E /* UseCase */ = {
			isa = PBXGroup;
			children = (
				471F6F8129483F96008E6C6E /* CardListUseCase.swift */,
				471F6F8229483F96008E6C6E /* CardListUseCaseImpl.swift */,
			);
			path = UseCase;
			sourceTree = "<group>";
		};
		471F6F8329483F96008E6C6E /* Presentation */ = {
			isa = PBXGroup;
			children = (
				471F6F8A29483F96008E6C6E /* Views */,
			);
			path = Presentation;
			sourceTree = "<group>";
		};
		471F6F8429483F96008E6C6E /* ViewModel */ = {
			isa = PBXGroup;
			children = (
				471F6F8529483F96008E6C6E /* CardListViewModel.swift */,
				471F6F8629483F96008E6C6E /* CardListViewModelImpl.swift */,
			);
			path = ViewModel;
			sourceTree = "<group>";
		};
		471F6F8A29483F96008E6C6E /* Views */ = {
			isa = PBXGroup;
			children = (
				471F6F8B29483F96008E6C6E /* CardListView.swift */,
			);
			path = Views;
			sourceTree = "<group>";
		};
		4770E76729539295009A2C13 /* Networking */ = {
			isa = PBXGroup;
			children = (
				4770E770295393A6009A2C13 /* User.json */,
				4770E76829539295009A2C13 /* URLRequestGeneratorTests.swift */,
				4770E76929539295009A2C13 /* NetworkManagerTests.swift */,
				4770E76A29539295009A2C13 /* MockURLSession.swift */,
				4770E76B29539295009A2C13 /* MockURLSessionDataTask.swift */,
			);
			path = Networking;
			sourceTree = "<group>";
		};
		478E20BE299DC4450036B60B /* Constants */ = {
			isa = PBXGroup;
			children = (
				478E20BF299DC47D0036B60B /* Constansts.swift */,
				478E20C1299DC48F0036B60B /* EndPointConstants.swift */,
			);
			path = Constants;
			sourceTree = "<group>";
		};
		478E20C3299DC64A0036B60B /* Resources */ = {
			isa = PBXGroup;
			children = (
				47227B122949A37000D3C6CE /* Assets.xcassets */,
				471F6F4D29483D62008E6C6E /* LaunchScreen.storyboard */,
			);
			path = Resources;
			sourceTree = "<group>";
		};
		478E20C4299E5B000036B60B /* Module */ = {
			isa = PBXGroup;
			children = (
				478E20D5299E5F890036B60B /* Router */,
				478E20CC299E5F4F0036B60B /* LoginModule */,
				471F6F7229483F96008E6C6E /* CardListModule */,
			);
			path = Module;
			sourceTree = "<group>";
		};
		478E20CC299E5F4F0036B60B /* LoginModule */ = {
			isa = PBXGroup;
			children = (
				478E20D8299E5FBF0036B60B /* Data */,
				478E20DF299E5FBF0036B60B /* Domain */,
				478E20ED299E5FBF0036B60B /* LoginModule.swift */,
				478E20E5299E5FBF0036B60B /* Presentation */,
			);
			path = LoginModule;
			sourceTree = "<group>";
		};
		478E20D5299E5F890036B60B /* Router */ = {
			isa = PBXGroup;
			children = (
				478E20D6299E5F9D0036B60B /* CreditCardRouter.swift */,
			);
			path = Router;
			sourceTree = "<group>";
		};
		478E20D8299E5FBF0036B60B /* Data */ = {
			isa = PBXGroup;
			children = (
				478E20D9299E5FBF0036B60B /* Repository */,
				478E20DC299E5FBF0036B60B /* Services */,
			);
			path = Data;
			sourceTree = "<group>";
		};
		478E20D9299E5FBF0036B60B /* Repository */ = {
			isa = PBXGroup;
			children = (
				478E20DA299E5FBF0036B60B /* ILoginRepository.swift */,
				478E20DB299E5FBF0036B60B /* LoginRepositoryImpl.swift */,
			);
			path = Repository;
			sourceTree = "<group>";
		};
		478E20DC299E5FBF0036B60B /* Services */ = {
			isa = PBXGroup;
			children = (
				478E20DD299E5FBF0036B60B /* ILoginService.swift */,
				478E20DE299E5FBF0036B60B /* LoginServiceImpl.swift */,
			);
			path = Services;
			sourceTree = "<group>";
		};
		478E20DF299E5FBF0036B60B /* Domain */ = {
			isa = PBXGroup;
			children = (
				478E20E0299E5FBF0036B60B /* Enitities */,
				478E20E2299E5FBF0036B60B /* UseCase */,
			);
			path = Domain;
			sourceTree = "<group>";
		};
		478E20E0299E5FBF0036B60B /* Enitities */ = {
			isa = PBXGroup;
			children = (
				478E20E1299E5FBF0036B60B /* Login.swift */,
			);
			path = Enitities;
			sourceTree = "<group>";
		};
		478E20E2299E5FBF0036B60B /* UseCase */ = {
			isa = PBXGroup;
			children = (
				478E20E3299E5FBF0036B60B /* ILoginUseCase.swift */,
				478E20E4299E5FBF0036B60B /* LoginUseCaseImpl.swift */,
			);
			path = UseCase;
			sourceTree = "<group>";
		};
		478E20E5299E5FBF0036B60B /* Presentation */ = {
			isa = PBXGroup;
			children = (
				478E20E6299E5FBF0036B60B /* ViewModel */,
				478E20EA299E5FBF0036B60B /* Views */,
			);
			path = Presentation;
			sourceTree = "<group>";
		};
		478E20E6299E5FBF0036B60B /* ViewModel */ = {
			isa = PBXGroup;
			children = (
				478E20E7299E5FBF0036B60B /* LoginViewModelImpl.swift */,
				478E20E8299E5FBF0036B60B /* LoginViewModelOutput.swift */,
				478E20E9299E5FBF0036B60B /* ILoginViewModel.swift */,
			);
			path = ViewModel;
			sourceTree = "<group>";
		};
		478E20EA299E5FBF0036B60B /* Views */ = {
			isa = PBXGroup;
			children = (
				478E20EB299E5FBF0036B60B /* LoginView.swift */,
				478E20EC299E5FBF0036B60B /* LoginViewController.swift */,
			);
			path = Views;
			sourceTree = "<group>";
		};
		47A09200294A0522006AE406 /* UserModule */ = {
			isa = PBXGroup;
			children = (
				47A09201294A0522006AE406 /* LoginViewModelTest.swift */,
				4770E7632953893C009A2C13 /* LoginRepositoryImplTests.swift */,
				4770E76529538C19009A2C13 /* LoginUseCaseImplTest.swift */,
			);
			path = UserModule;
			sourceTree = "<group>";
		};
		47A09208294A070D006AE406 /* ListModule */ = {
			isa = PBXGroup;
			children = (
				47A09209294A070D006AE406 /* CardListViewModelImplTests.swift */,
				47A0920A294A070D006AE406 /* CardListRepositoryImplTests.swift */,
				47A0920C294A070D006AE406 /* CardListUseCaseImplTests.swift */,
				47F1F0A5299CC9A9002998EC /* CardListTest.swift */,
				47F1F0A7299CE014002998EC /* CardServiceTest.swift */,
				47F1F0A9299CFD3E002998EC /* CardListViewTests.swift */,
			);
			path = ListModule;
			sourceTree = "<group>";
		};
		47D4D9B229531F0800766155 /* Networking */ = {
			isa = PBXGroup;
			children = (
				47D4D9B329531F0800766155 /* NetworkManager.swift */,
				47D4D9B429531F0800766155 /* URLRequestGenerator.swift */,
				47D4D9B529531F0800766155 /* NetworkRequest.swift */,
				47D4D9B629531F0800766155 /* NetworkError.swift */,
			);
			path = Networking;
			sourceTree = "<group>";
		};
		FACFE229A16B23081E418BD5 /* Frameworks */ = {
			isa = PBXGroup;
			children = (
				BBF475B0AA4C58779F920EF0 /* Pods_CreditCard.framework */,
				151B61537574D2847083AC22 /* Pods_CreditCard_CreditCardUITests.framework */,
				F4A1401792B09064BE7F1064 /* Pods_CreditCardTests.framework */,
			);
			name = Frameworks;
			sourceTree = "<group>";
		};
/* End PBXGroup section */

/* Begin PBXNativeTarget section */
		471F6F3E29483D5F008E6C6E /* CreditCard */ = {
			isa = PBXNativeTarget;
			buildConfigurationList = 471F6F6929483D63008E6C6E /* Build configuration list for PBXNativeTarget "CreditCard" */;
			buildPhases = (
				AC33AC73D1A71037D66D96C9 /* [CP] Check Pods Manifest.lock */,
				471F6F3B29483D5F008E6C6E /* Sources */,
				471F6F3C29483D5F008E6C6E /* Frameworks */,
				471F6F3D29483D5F008E6C6E /* Resources */,
				47DD8A3E299A08EE0060BA5E /* ShellScript */,
			);
			buildRules = (
			);
			dependencies = (
			);
			name = CreditCard;
			packageProductDependencies = (
			);
			productName = CreditCard;
			productReference = 471F6F3F29483D5F008E6C6E /* CreditCard.app */;
			productType = "com.apple.product-type.application";
		};
		471F6F5429483D63008E6C6E /* CreditCardTests */ = {
			isa = PBXNativeTarget;
			buildConfigurationList = 471F6F6C29483D63008E6C6E /* Build configuration list for PBXNativeTarget "CreditCardTests" */;
			buildPhases = (
				32F9759934C1459A6EB2DD01 /* [CP] Check Pods Manifest.lock */,
				471F6F5129483D63008E6C6E /* Sources */,
				471F6F5229483D63008E6C6E /* Frameworks */,
				471F6F5329483D63008E6C6E /* Resources */,
			);
			buildRules = (
			);
			dependencies = (
				471F6F5729483D63008E6C6E /* PBXTargetDependency */,
			);
			name = CreditCardTests;
			packageProductDependencies = (
				47F1F0BA299D08E8002998EC /* ViewInspector */,
			);
			productName = CreditCardTests;
			productReference = 471F6F5529483D63008E6C6E /* CreditCardTests.xctest */;
			productType = "com.apple.product-type.bundle.unit-test";
		};
		471F6F5E29483D63008E6C6E /* CreditCardUITests */ = {
			isa = PBXNativeTarget;
			buildConfigurationList = 471F6F6F29483D63008E6C6E /* Build configuration list for PBXNativeTarget "CreditCardUITests" */;
			buildPhases = (
				9627447107C0CE728BD9DA5A /* [CP] Check Pods Manifest.lock */,
				471F6F5B29483D63008E6C6E /* Sources */,
				471F6F5C29483D63008E6C6E /* Frameworks */,
				471F6F5D29483D63008E6C6E /* Resources */,
			);
			buildRules = (
			);
			dependencies = (
				471F6F6129483D63008E6C6E /* PBXTargetDependency */,
			);
			name = CreditCardUITests;
			packageProductDependencies = (
			);
			productName = CreditCardUITests;
			productReference = 471F6F5F29483D63008E6C6E /* CreditCardUITests.xctest */;
			productType = "com.apple.product-type.bundle.ui-testing";
		};
/* End PBXNativeTarget section */

/* Begin PBXProject section */
		471F6F3729483D5F008E6C6E /* Project object */ = {
			isa = PBXProject;
			attributes = {
				BuildIndependentTargetsInParallel = 1;
				LastSwiftUpdateCheck = 1330;
				LastUpgradeCheck = 1330;
				TargetAttributes = {
					471F6F3E29483D5F008E6C6E = {
						CreatedOnToolsVersion = 13.3;
					};
					471F6F5429483D63008E6C6E = {
						CreatedOnToolsVersion = 13.3;
						TestTargetID = 471F6F3E29483D5F008E6C6E;
					};
					471F6F5E29483D63008E6C6E = {
						CreatedOnToolsVersion = 13.3;
						TestTargetID = 471F6F3E29483D5F008E6C6E;
					};
				};
			};
			buildConfigurationList = 471F6F3A29483D5F008E6C6E /* Build configuration list for PBXProject "CreditCard" */;
			compatibilityVersion = "Xcode 13.0";
			developmentRegion = en;
			hasScannedForEncodings = 0;
			knownRegions = (
				en,
				Base,
			);
			mainGroup = 471F6F3629483D5F008E6C6E;
			packageReferences = (
				47F1F0B9299D08E8002998EC /* XCRemoteSwiftPackageReference "ViewInspector" */,
			);
			productRefGroup = 471F6F4029483D5F008E6C6E /* Products */;
			projectDirPath = "";
			projectRoot = "";
			targets = (
				471F6F3E29483D5F008E6C6E /* CreditCard */,
				471F6F5429483D63008E6C6E /* CreditCardTests */,
				471F6F5E29483D63008E6C6E /* CreditCardUITests */,
			);
		};
/* End PBXProject section */

/* Begin PBXResourcesBuildPhase section */
		471F6F3D29483D5F008E6C6E /* Resources */ = {
			isa = PBXResourcesBuildPhase;
			buildActionMask = 2147483647;
			files = (
				47227B272949A37000D3C6CE /* Main.storyboard in Resources */,
				47227B252949A37000D3C6CE /* Assets.xcassets in Resources */,
				471F6F4F29483D62008E6C6E /* LaunchScreen.storyboard in Resources */,
			);
			runOnlyForDeploymentPostprocessing = 0;
		};
		471F6F5329483D63008E6C6E /* Resources */ = {
			isa = PBXResourcesBuildPhase;
			buildActionMask = 2147483647;
			files = (
				4770E771295393A6009A2C13 /* User.json in Resources */,
			);
			runOnlyForDeploymentPostprocessing = 0;
		};
		471F6F5D29483D63008E6C6E /* Resources */ = {
			isa = PBXResourcesBuildPhase;
			buildActionMask = 2147483647;
			files = (
			);
			runOnlyForDeploymentPostprocessing = 0;
		};
/* End PBXResourcesBuildPhase section */

/* Begin PBXShellScriptBuildPhase section */
		32F9759934C1459A6EB2DD01 /* [CP] Check Pods Manifest.lock */ = {
			isa = PBXShellScriptBuildPhase;
			buildActionMask = 2147483647;
			files = (
			);
			inputFileListPaths = (
			);
			inputPaths = (
				"${PODS_PODFILE_DIR_PATH}/Podfile.lock",
				"${PODS_ROOT}/Manifest.lock",
			);
			name = "[CP] Check Pods Manifest.lock";
			outputFileListPaths = (
			);
			outputPaths = (
				"$(DERIVED_FILE_DIR)/Pods-CreditCardTests-checkManifestLockResult.txt",
			);
			runOnlyForDeploymentPostprocessing = 0;
			shellPath = /bin/sh;
			shellScript = "diff \"${PODS_PODFILE_DIR_PATH}/Podfile.lock\" \"${PODS_ROOT}/Manifest.lock\" > /dev/null\nif [ $? != 0 ] ; then\n    # print error to STDERR\n    echo \"error: The sandbox is not in sync with the Podfile.lock. Run 'pod install' or update your CocoaPods installation.\" >&2\n    exit 1\nfi\n# This output is used by Xcode 'outputs' to avoid re-running this script phase.\necho \"SUCCESS\" > \"${SCRIPT_OUTPUT_FILE_0}\"\n";
			showEnvVarsInLog = 0;
		};
		47DD8A3E299A08EE0060BA5E /* ShellScript */ = {
			isa = PBXShellScriptBuildPhase;
			alwaysOutOfDate = 1;
			buildActionMask = 2147483647;
			files = (
			);
			inputFileListPaths = (
			);
			inputPaths = (
			);
			outputFileListPaths = (
			);
			outputPaths = (
			);
			runOnlyForDeploymentPostprocessing = 0;
			shellPath = /bin/sh;
			shellScript = "${PODS_ROOT}/SwiftLint/swiftlint\n";
		};
		9627447107C0CE728BD9DA5A /* [CP] Check Pods Manifest.lock */ = {
			isa = PBXShellScriptBuildPhase;
			buildActionMask = 2147483647;
			files = (
			);
			inputFileListPaths = (
			);
			inputPaths = (
				"${PODS_PODFILE_DIR_PATH}/Podfile.lock",
				"${PODS_ROOT}/Manifest.lock",
			);
			name = "[CP] Check Pods Manifest.lock";
			outputFileListPaths = (
			);
			outputPaths = (
				"$(DERIVED_FILE_DIR)/Pods-CreditCard-CreditCardUITests-checkManifestLockResult.txt",
			);
			runOnlyForDeploymentPostprocessing = 0;
			shellPath = /bin/sh;
			shellScript = "diff \"${PODS_PODFILE_DIR_PATH}/Podfile.lock\" \"${PODS_ROOT}/Manifest.lock\" > /dev/null\nif [ $? != 0 ] ; then\n    # print error to STDERR\n    echo \"error: The sandbox is not in sync with the Podfile.lock. Run 'pod install' or update your CocoaPods installation.\" >&2\n    exit 1\nfi\n# This output is used by Xcode 'outputs' to avoid re-running this script phase.\necho \"SUCCESS\" > \"${SCRIPT_OUTPUT_FILE_0}\"\n";
			showEnvVarsInLog = 0;
		};
		AC33AC73D1A71037D66D96C9 /* [CP] Check Pods Manifest.lock */ = {
			isa = PBXShellScriptBuildPhase;
			buildActionMask = 2147483647;
			files = (
			);
			inputFileListPaths = (
			);
			inputPaths = (
				"${PODS_PODFILE_DIR_PATH}/Podfile.lock",
				"${PODS_ROOT}/Manifest.lock",
			);
			name = "[CP] Check Pods Manifest.lock";
			outputFileListPaths = (
			);
			outputPaths = (
				"$(DERIVED_FILE_DIR)/Pods-CreditCard-checkManifestLockResult.txt",
			);
			runOnlyForDeploymentPostprocessing = 0;
			shellPath = /bin/sh;
			shellScript = "diff \"${PODS_PODFILE_DIR_PATH}/Podfile.lock\" \"${PODS_ROOT}/Manifest.lock\" > /dev/null\nif [ $? != 0 ] ; then\n    # print error to STDERR\n    echo \"error: The sandbox is not in sync with the Podfile.lock. Run 'pod install' or update your CocoaPods installation.\" >&2\n    exit 1\nfi\n# This output is used by Xcode 'outputs' to avoid re-running this script phase.\necho \"SUCCESS\" > \"${SCRIPT_OUTPUT_FILE_0}\"\n";
			showEnvVarsInLog = 0;
		};
/* End PBXShellScriptBuildPhase section */

/* Begin PBXSourcesBuildPhase section */
		471F6F3B29483D5F008E6C6E /* Sources */ = {
			isa = PBXSourcesBuildPhase;
			buildActionMask = 2147483647;
			files = (
				478E20C0299DC47D0036B60B /* Constansts.swift in Sources */,
				471F6F9629483F96008E6C6E /* CardListViewModelImpl.swift in Sources */,
				471F6F9529483F96008E6C6E /* CardListViewModel.swift in Sources */,
				478E20FA299E5FBF0036B60B /* LoginModule.swift in Sources */,
				478E20F4299E5FBF0036B60B /* LoginUseCaseImpl.swift in Sources */,
				47D4D9BA29531F0800766155 /* NetworkError.swift in Sources */,
				471F6F9329483F96008E6C6E /* CardListUseCase.swift in Sources */,
				478E20F3299E5FBF0036B60B /* ILoginUseCase.swift in Sources */,
				471F6F9429483F96008E6C6E /* CardListUseCaseImpl.swift in Sources */,
				478E20D7299E5F9D0036B60B /* CreditCardRouter.swift in Sources */,
				478E20F1299E5FBF0036B60B /* LoginServiceImpl.swift in Sources */,
				47D4D9B929531F0800766155 /* NetworkRequest.swift in Sources */,
				471F6F8D29483F96008E6C6E /* CardListRepositoryImpl.swift in Sources */,
				471F6F4329483D5F008E6C6E /* AppDelegate.swift in Sources */,
				478E20F6299E5FBF0036B60B /* LoginViewModelOutput.swift in Sources */,
				471F6F4529483D5F008E6C6E /* SceneDelegate.swift in Sources */,
				478E20C2299DC48F0036B60B /* EndPointConstants.swift in Sources */,
				47D4D9B729531F0800766155 /* NetworkManager.swift in Sources */,
				471F6F8F29483F96008E6C6E /* Constants.swift in Sources */,
				478E20F2299E5FBF0036B60B /* Login.swift in Sources */,
				47D4D9B829531F0800766155 /* URLRequestGenerator.swift in Sources */,
				478E20EE299E5FBF0036B60B /* ILoginRepository.swift in Sources */,
				478E20F5299E5FBF0036B60B /* LoginViewModelImpl.swift in Sources */,
				4769F18F2949A6D20067E469 /* AppContainer.swift in Sources */,
				471F6F8C29483F96008E6C6E /* CardList.swift in Sources */,
				471F6F8E29483F96008E6C6E /* CardListRepository.swift in Sources */,
				471F6F9229483F96008E6C6E /* CardsList.swift in Sources */,
				471F6F9129483F96008E6C6E /* CardListServiceImpl.swift in Sources */,
				471F6F9929483F96008E6C6E /* CardListView.swift in Sources */,
				478E20F0299E5FBF0036B60B /* ILoginService.swift in Sources */,
				471F6F9029483F96008E6C6E /* CardListService.swift in Sources */,
				478E20F9299E5FBF0036B60B /* LoginViewController.swift in Sources */,
				478E20F8299E5FBF0036B60B /* LoginView.swift in Sources */,
				478E20F7299E5FBF0036B60B /* ILoginViewModel.swift in Sources */,
				478E20EF299E5FBF0036B60B /* LoginRepositoryImpl.swift in Sources */,
			);
			runOnlyForDeploymentPostprocessing = 0;
		};
		471F6F5129483D63008E6C6E /* Sources */ = {
			isa = PBXSourcesBuildPhase;
			buildActionMask = 2147483647;
			files = (
				4770E76D29539295009A2C13 /* NetworkManagerTests.swift in Sources */,
				4770E76629538C19009A2C13 /* LoginUseCaseImplTest.swift in Sources */,
				471F6F5A29483D63008E6C6E /* CreditCardTests.swift in Sources */,
				47A0920F294A070D006AE406 /* CardListRepositoryImplTests.swift in Sources */,
				47A09211294A070D006AE406 /* CardListUseCaseImplTests.swift in Sources */,
				4770E76F29539295009A2C13 /* MockURLSessionDataTask.swift in Sources */,
				47A09205294A0522006AE406 /* LoginViewModelTest.swift in Sources */,
				47F1F0A8299CE014002998EC /* CardServiceTest.swift in Sources */,
				47F1F0A6299CC9A9002998EC /* CardListTest.swift in Sources */,
				47A0920E294A070D006AE406 /* CardListViewModelImplTests.swift in Sources */,
				4770E7642953893C009A2C13 /* LoginRepositoryImplTests.swift in Sources */,
				4770E76E29539295009A2C13 /* MockURLSession.swift in Sources */,
				47F1F0B1299D073E002998EC /* CardListViewTests.swift in Sources */,
				4770E76C29539295009A2C13 /* URLRequestGeneratorTests.swift in Sources */,
			);
			runOnlyForDeploymentPostprocessing = 0;
		};
		471F6F5B29483D63008E6C6E /* Sources */ = {
			isa = PBXSourcesBuildPhase;
			buildActionMask = 2147483647;
			files = (
				471F6F6429483D63008E6C6E /* CreditCardUITests.swift in Sources */,
				471F6F6629483D63008E6C6E /* CreditCardUITestsLaunchTests.swift in Sources */,
			);
			runOnlyForDeploymentPostprocessing = 0;
		};
/* End PBXSourcesBuildPhase section */

/* Begin PBXTargetDependency section */
		471F6F5729483D63008E6C6E /* PBXTargetDependency */ = {
			isa = PBXTargetDependency;
			target = 471F6F3E29483D5F008E6C6E /* CreditCard */;
			targetProxy = 471F6F5629483D63008E6C6E /* PBXContainerItemProxy */;
		};
		471F6F6129483D63008E6C6E /* PBXTargetDependency */ = {
			isa = PBXTargetDependency;
			target = 471F6F3E29483D5F008E6C6E /* CreditCard */;
			targetProxy = 471F6F6029483D63008E6C6E /* PBXContainerItemProxy */;
		};
/* End PBXTargetDependency section */

/* Begin PBXVariantGroup section */
		471F6F4D29483D62008E6C6E /* LaunchScreen.storyboard */ = {
			isa = PBXVariantGroup;
			children = (
				471F6F4E29483D62008E6C6E /* Base */,
			);
			name = LaunchScreen.storyboard;
			sourceTree = "<group>";
		};
/* End PBXVariantGroup section */

/* Begin XCBuildConfiguration section */
		471F6F6729483D63008E6C6E /* Debug */ = {
			isa = XCBuildConfiguration;
			buildSettings = {
				ALWAYS_SEARCH_USER_PATHS = NO;
				CLANG_ANALYZER_NONNULL = YES;
				CLANG_ANALYZER_NUMBER_OBJECT_CONVERSION = YES_AGGRESSIVE;
				CLANG_CXX_LANGUAGE_STANDARD = "gnu++17";
				CLANG_ENABLE_MODULES = YES;
				CLANG_ENABLE_OBJC_ARC = YES;
				CLANG_ENABLE_OBJC_WEAK = YES;
				CLANG_WARN_BLOCK_CAPTURE_AUTORELEASING = YES;
				CLANG_WARN_BOOL_CONVERSION = YES;
				CLANG_WARN_COMMA = YES;
				CLANG_WARN_CONSTANT_CONVERSION = YES;
				CLANG_WARN_DEPRECATED_OBJC_IMPLEMENTATIONS = YES;
				CLANG_WARN_DIRECT_OBJC_ISA_USAGE = YES_ERROR;
				CLANG_WARN_DOCUMENTATION_COMMENTS = YES;
				CLANG_WARN_EMPTY_BODY = YES;
				CLANG_WARN_ENUM_CONVERSION = YES;
				CLANG_WARN_INFINITE_RECURSION = YES;
				CLANG_WARN_INT_CONVERSION = YES;
				CLANG_WARN_NON_LITERAL_NULL_CONVERSION = YES;
				CLANG_WARN_OBJC_IMPLICIT_RETAIN_SELF = YES;
				CLANG_WARN_OBJC_LITERAL_CONVERSION = YES;
				CLANG_WARN_OBJC_ROOT_CLASS = YES_ERROR;
				CLANG_WARN_QUOTED_INCLUDE_IN_FRAMEWORK_HEADER = YES;
				CLANG_WARN_RANGE_LOOP_ANALYSIS = YES;
				CLANG_WARN_STRICT_PROTOTYPES = YES;
				CLANG_WARN_SUSPICIOUS_MOVE = YES;
				CLANG_WARN_UNGUARDED_AVAILABILITY = YES_AGGRESSIVE;
				CLANG_WARN_UNREACHABLE_CODE = YES;
				CLANG_WARN__DUPLICATE_METHOD_MATCH = YES;
				COPY_PHASE_STRIP = NO;
				DEBUG_INFORMATION_FORMAT = dwarf;
				ENABLE_STRICT_OBJC_MSGSEND = YES;
				ENABLE_TESTABILITY = YES;
				GCC_C_LANGUAGE_STANDARD = gnu11;
				GCC_DYNAMIC_NO_PIC = NO;
				GCC_NO_COMMON_BLOCKS = YES;
				GCC_OPTIMIZATION_LEVEL = 0;
				GCC_PREPROCESSOR_DEFINITIONS = (
					"DEBUG=1",
					"$(inherited)",
				);
				GCC_WARN_64_TO_32_BIT_CONVERSION = YES;
				GCC_WARN_ABOUT_RETURN_TYPE = YES_ERROR;
				GCC_WARN_UNDECLARED_SELECTOR = YES;
				GCC_WARN_UNINITIALIZED_AUTOS = YES_AGGRESSIVE;
				GCC_WARN_UNUSED_FUNCTION = YES;
				GCC_WARN_UNUSED_VARIABLE = YES;
				IPHONEOS_DEPLOYMENT_TARGET = 15.4;
				MTL_ENABLE_DEBUG_INFO = INCLUDE_SOURCE;
				MTL_FAST_MATH = YES;
				ONLY_ACTIVE_ARCH = YES;
				SDKROOT = iphoneos;
				SWIFT_ACTIVE_COMPILATION_CONDITIONS = DEBUG;
				SWIFT_OPTIMIZATION_LEVEL = "-Onone";
			};
			name = Debug;
		};
		471F6F6829483D63008E6C6E /* Release */ = {
			isa = XCBuildConfiguration;
			buildSettings = {
				ALWAYS_SEARCH_USER_PATHS = NO;
				CLANG_ANALYZER_NONNULL = YES;
				CLANG_ANALYZER_NUMBER_OBJECT_CONVERSION = YES_AGGRESSIVE;
				CLANG_CXX_LANGUAGE_STANDARD = "gnu++17";
				CLANG_ENABLE_MODULES = YES;
				CLANG_ENABLE_OBJC_ARC = YES;
				CLANG_ENABLE_OBJC_WEAK = YES;
				CLANG_WARN_BLOCK_CAPTURE_AUTORELEASING = YES;
				CLANG_WARN_BOOL_CONVERSION = YES;
				CLANG_WARN_COMMA = YES;
				CLANG_WARN_CONSTANT_CONVERSION = YES;
				CLANG_WARN_DEPRECATED_OBJC_IMPLEMENTATIONS = YES;
				CLANG_WARN_DIRECT_OBJC_ISA_USAGE = YES_ERROR;
				CLANG_WARN_DOCUMENTATION_COMMENTS = YES;
				CLANG_WARN_EMPTY_BODY = YES;
				CLANG_WARN_ENUM_CONVERSION = YES;
				CLANG_WARN_INFINITE_RECURSION = YES;
				CLANG_WARN_INT_CONVERSION = YES;
				CLANG_WARN_NON_LITERAL_NULL_CONVERSION = YES;
				CLANG_WARN_OBJC_IMPLICIT_RETAIN_SELF = YES;
				CLANG_WARN_OBJC_LITERAL_CONVERSION = YES;
				CLANG_WARN_OBJC_ROOT_CLASS = YES_ERROR;
				CLANG_WARN_QUOTED_INCLUDE_IN_FRAMEWORK_HEADER = YES;
				CLANG_WARN_RANGE_LOOP_ANALYSIS = YES;
				CLANG_WARN_STRICT_PROTOTYPES = YES;
				CLANG_WARN_SUSPICIOUS_MOVE = YES;
				CLANG_WARN_UNGUARDED_AVAILABILITY = YES_AGGRESSIVE;
				CLANG_WARN_UNREACHABLE_CODE = YES;
				CLANG_WARN__DUPLICATE_METHOD_MATCH = YES;
				COPY_PHASE_STRIP = NO;
				DEBUG_INFORMATION_FORMAT = "dwarf-with-dsym";
				ENABLE_NS_ASSERTIONS = NO;
				ENABLE_STRICT_OBJC_MSGSEND = YES;
				GCC_C_LANGUAGE_STANDARD = gnu11;
				GCC_NO_COMMON_BLOCKS = YES;
				GCC_WARN_64_TO_32_BIT_CONVERSION = YES;
				GCC_WARN_ABOUT_RETURN_TYPE = YES_ERROR;
				GCC_WARN_UNDECLARED_SELECTOR = YES;
				GCC_WARN_UNINITIALIZED_AUTOS = YES_AGGRESSIVE;
				GCC_WARN_UNUSED_FUNCTION = YES;
				GCC_WARN_UNUSED_VARIABLE = YES;
				IPHONEOS_DEPLOYMENT_TARGET = 15.4;
				MTL_ENABLE_DEBUG_INFO = NO;
				MTL_FAST_MATH = YES;
				SDKROOT = iphoneos;
				SWIFT_COMPILATION_MODE = wholemodule;
				SWIFT_OPTIMIZATION_LEVEL = "-O";
				VALIDATE_PRODUCT = YES;
			};
			name = Release;
		};
		471F6F6A29483D63008E6C6E /* Debug */ = {
			isa = XCBuildConfiguration;
			baseConfigurationReference = E87E26E34DF0B4FD860EEE16 /* Pods-CreditCard.debug.xcconfig */;
			buildSettings = {
				ASSETCATALOG_COMPILER_APPICON_NAME = AppIcon;
				ASSETCATALOG_COMPILER_GLOBAL_ACCENT_COLOR_NAME = AccentColor;
				CODE_SIGN_STYLE = Automatic;
				CURRENT_PROJECT_VERSION = 1;
				DEVELOPMENT_TEAM = CZ48N2UGFA;
				GENERATE_INFOPLIST_FILE = YES;
				INFOPLIST_FILE = CreditCard/Info.plist;
				INFOPLIST_KEY_UIApplicationSupportsIndirectInputEvents = YES;
				INFOPLIST_KEY_UILaunchStoryboardName = LaunchScreen;
				INFOPLIST_KEY_UIMainStoryboardFile = Main;
				INFOPLIST_KEY_UISupportedInterfaceOrientations_iPad = UIInterfaceOrientationPortrait;
				INFOPLIST_KEY_UISupportedInterfaceOrientations_iPhone = UIInterfaceOrientationPortrait;
				LD_RUNPATH_SEARCH_PATHS = (
					"$(inherited)",
					"@executable_path/Frameworks",
				);
				MARKETING_VERSION = 1.0;
				PRODUCT_BUNDLE_IDENTIFIER = sapient.com.CreditCard;
				PRODUCT_NAME = "$(TARGET_NAME)";
				SWIFT_EMIT_LOC_STRINGS = YES;
				SWIFT_VERSION = 5.0;
				TARGETED_DEVICE_FAMILY = "1,2";
			};
			name = Debug;
		};
		471F6F6B29483D63008E6C6E /* Release */ = {
			isa = XCBuildConfiguration;
			baseConfigurationReference = 96574C64DD80A52CC0ACEE74 /* Pods-CreditCard.release.xcconfig */;
			buildSettings = {
				ASSETCATALOG_COMPILER_APPICON_NAME = AppIcon;
				ASSETCATALOG_COMPILER_GLOBAL_ACCENT_COLOR_NAME = AccentColor;
				CODE_SIGN_STYLE = Automatic;
				CURRENT_PROJECT_VERSION = 1;
				DEVELOPMENT_TEAM = CZ48N2UGFA;
				GENERATE_INFOPLIST_FILE = YES;
				INFOPLIST_FILE = CreditCard/Info.plist;
				INFOPLIST_KEY_UIApplicationSupportsIndirectInputEvents = YES;
				INFOPLIST_KEY_UILaunchStoryboardName = LaunchScreen;
				INFOPLIST_KEY_UIMainStoryboardFile = Main;
				INFOPLIST_KEY_UISupportedInterfaceOrientations_iPad = UIInterfaceOrientationPortrait;
				INFOPLIST_KEY_UISupportedInterfaceOrientations_iPhone = UIInterfaceOrientationPortrait;
				LD_RUNPATH_SEARCH_PATHS = (
					"$(inherited)",
					"@executable_path/Frameworks",
				);
				MARKETING_VERSION = 1.0;
				PRODUCT_BUNDLE_IDENTIFIER = sapient.com.CreditCard;
				PRODUCT_NAME = "$(TARGET_NAME)";
				SWIFT_EMIT_LOC_STRINGS = YES;
				SWIFT_VERSION = 5.0;
				TARGETED_DEVICE_FAMILY = "1,2";
			};
			name = Release;
		};
		471F6F6D29483D63008E6C6E /* Debug */ = {
			isa = XCBuildConfiguration;
			baseConfigurationReference = 9843D72A014542ECD9BC86F0 /* Pods-CreditCardTests.debug.xcconfig */;
			buildSettings = {
				ALWAYS_EMBED_SWIFT_STANDARD_LIBRARIES = YES;
				BUNDLE_LOADER = "$(TEST_HOST)";
				CODE_SIGN_STYLE = Automatic;
				CURRENT_PROJECT_VERSION = 1;
				DEVELOPMENT_TEAM = CZ48N2UGFA;
				GENERATE_INFOPLIST_FILE = YES;
				IPHONEOS_DEPLOYMENT_TARGET = 15.4;
				MARKETING_VERSION = 1.0;
				PRODUCT_BUNDLE_IDENTIFIER = sapient.com.CreditCardTests;
				PRODUCT_NAME = "$(TARGET_NAME)";
				SWIFT_EMIT_LOC_STRINGS = NO;
				SWIFT_VERSION = 5.0;
				TARGETED_DEVICE_FAMILY = "1,2";
				TEST_HOST = "$(BUILT_PRODUCTS_DIR)/CreditCard.app/CreditCard";
			};
			name = Debug;
		};
		471F6F6E29483D63008E6C6E /* Release */ = {
			isa = XCBuildConfiguration;
			baseConfigurationReference = 8A78F8026FB8AECEB72A58E6 /* Pods-CreditCardTests.release.xcconfig */;
			buildSettings = {
				ALWAYS_EMBED_SWIFT_STANDARD_LIBRARIES = YES;
				BUNDLE_LOADER = "$(TEST_HOST)";
				CODE_SIGN_STYLE = Automatic;
				CURRENT_PROJECT_VERSION = 1;
				DEVELOPMENT_TEAM = CZ48N2UGFA;
				GENERATE_INFOPLIST_FILE = YES;
				IPHONEOS_DEPLOYMENT_TARGET = 15.4;
				MARKETING_VERSION = 1.0;
				PRODUCT_BUNDLE_IDENTIFIER = sapient.com.CreditCardTests;
				PRODUCT_NAME = "$(TARGET_NAME)";
				SWIFT_EMIT_LOC_STRINGS = NO;
				SWIFT_VERSION = 5.0;
				TARGETED_DEVICE_FAMILY = "1,2";
				TEST_HOST = "$(BUILT_PRODUCTS_DIR)/CreditCard.app/CreditCard";
			};
			name = Release;
		};
		471F6F7029483D63008E6C6E /* Debug */ = {
			isa = XCBuildConfiguration;
			baseConfigurationReference = 38D6CB76AFB46C2AF93A01A3 /* Pods-CreditCard-CreditCardUITests.debug.xcconfig */;
			buildSettings = {
				ALWAYS_EMBED_SWIFT_STANDARD_LIBRARIES = YES;
				CODE_SIGN_STYLE = Automatic;
				CURRENT_PROJECT_VERSION = 1;
				DEVELOPMENT_TEAM = CZ48N2UGFA;
				GENERATE_INFOPLIST_FILE = YES;
				MARKETING_VERSION = 1.0;
				PRODUCT_BUNDLE_IDENTIFIER = sapient.com.CreditCardUITests;
				PRODUCT_NAME = "$(TARGET_NAME)";
				SWIFT_EMIT_LOC_STRINGS = NO;
				SWIFT_VERSION = 5.0;
				TARGETED_DEVICE_FAMILY = "1,2";
				TEST_TARGET_NAME = CreditCard;
			};
			name = Debug;
		};
		471F6F7129483D63008E6C6E /* Release */ = {
			isa = XCBuildConfiguration;
			baseConfigurationReference = 9C98742F8ECB8FDD26674B78 /* Pods-CreditCard-CreditCardUITests.release.xcconfig */;
			buildSettings = {
				ALWAYS_EMBED_SWIFT_STANDARD_LIBRARIES = YES;
				CODE_SIGN_STYLE = Automatic;
				CURRENT_PROJECT_VERSION = 1;
				DEVELOPMENT_TEAM = CZ48N2UGFA;
				GENERATE_INFOPLIST_FILE = YES;
				MARKETING_VERSION = 1.0;
				PRODUCT_BUNDLE_IDENTIFIER = sapient.com.CreditCardUITests;
				PRODUCT_NAME = "$(TARGET_NAME)";
				SWIFT_EMIT_LOC_STRINGS = NO;
				SWIFT_VERSION = 5.0;
				TARGETED_DEVICE_FAMILY = "1,2";
				TEST_TARGET_NAME = CreditCard;
			};
			name = Release;
		};
/* End XCBuildConfiguration section */

/* Begin XCConfigurationList section */
		471F6F3A29483D5F008E6C6E /* Build configuration list for PBXProject "CreditCard" */ = {
			isa = XCConfigurationList;
			buildConfigurations = (
				471F6F6729483D63008E6C6E /* Debug */,
				471F6F6829483D63008E6C6E /* Release */,
			);
			defaultConfigurationIsVisible = 0;
			defaultConfigurationName = Release;
		};
		471F6F6929483D63008E6C6E /* Build configuration list for PBXNativeTarget "CreditCard" */ = {
			isa = XCConfigurationList;
			buildConfigurations = (
				471F6F6A29483D63008E6C6E /* Debug */,
				471F6F6B29483D63008E6C6E /* Release */,
			);
			defaultConfigurationIsVisible = 0;
			defaultConfigurationName = Release;
		};
		471F6F6C29483D63008E6C6E /* Build configuration list for PBXNativeTarget "CreditCardTests" */ = {
			isa = XCConfigurationList;
			buildConfigurations = (
				471F6F6D29483D63008E6C6E /* Debug */,
				471F6F6E29483D63008E6C6E /* Release */,
			);
			defaultConfigurationIsVisible = 0;
			defaultConfigurationName = Release;
		};
		471F6F6F29483D63008E6C6E /* Build configuration list for PBXNativeTarget "CreditCardUITests" */ = {
			isa = XCConfigurationList;
			buildConfigurations = (
				471F6F7029483D63008E6C6E /* Debug */,
				471F6F7129483D63008E6C6E /* Release */,
			);
			defaultConfigurationIsVisible = 0;
			defaultConfigurationName = Release;
		};
/* End XCConfigurationList section */

/* Begin XCRemoteSwiftPackageReference section */
		47F1F0B9299D08E8002998EC /* XCRemoteSwiftPackageReference "ViewInspector" */ = {
			isa = XCRemoteSwiftPackageReference;
			repositoryURL = "https://github.com/nalexn/ViewInspector";
			requirement = {
				branch = 0.9.6;
				kind = branch;
			};
		};
/* End XCRemoteSwiftPackageReference section */

/* Begin XCSwiftPackageProductDependency section */
		47F1F0BA299D08E8002998EC /* ViewInspector */ = {
			isa = XCSwiftPackageProductDependency;
			package = 47F1F0B9299D08E8002998EC /* XCRemoteSwiftPackageReference "ViewInspector" */;
			productName = ViewInspector;
		};
/* End XCSwiftPackageProductDependency section */
	};
	rootObject = 471F6F3729483D5F008E6C6E /* Project object */;
}
